lockfileVersion: '9.0'

settings:
  autoInstallPeers: true
  excludeLinksFromLockfile: false

importers:

  .:
    devDependencies:
      turbo:
        specifier: ^2.0.0
        version: 2.8.8

packages:

  turbo-darwin-64@2.8.8:
    resolution: {integrity: sha512-7R/XRAleyNB8nIJuenRpS7EnmCM/kYFgcG1rW3F5DF57Nl4WyBO3DzxqwooRheuoXDD1UsJvDse0yRufgxjClA==}
    cpu: [x64]
    os: [darwin]

  turbo-darwin-arm64@2.8.8:
    resolution: {integrity: sha512-whpveO0w/dMcgQ0zFrzqK76mG2W+RBQ/pKIpW+sEvNr+T4UcYd2gZpfV2euehJLvdeFErWgW74dIt/MFfkG1bA==}
    cpu: [arm64]
    os: [darwin]

  turbo-linux-64@2.8.8:
    resolution: {integrity: sha512-BISkcKk+5/Dh11q+YhdQIGONXmdlQ6LY0iQ+GBIK7QOBAJyJFKmKvUeAeMdWGXOa3sImz2oZ6u2StyR+0Y/VVA==}
    cpu: [x64]
    os: [linux]

  turbo-linux-arm64@2.8.8:
    resolution: {integrity: sha512-B+DQWWtM3O+AexFF4aYucT0MvvnQOW4n5y9LA5h3Zc3Lpj10yl9K4dEBzJvMVQ2jTkCRNAvA8q9G3EjqmGmGGA==}
    cpu: [arm64]
    os: [linux]

  turbo-windows-64@2.8.8:
    resolution: {integrity: sha512-KP5TRVrmVnrxDyvERvQq7VXu+h5AiEiBwyr90YsRuYy/Z5zLz8hrNZXejTyUR17xmnuI+RbUSxrQlfmPnxiW1A==}
    cpu: [x64]
    os: [win32]

  turbo-windows-arm64@2.8.8:
    resolution: {integrity: sha512-X45sTOksR8iidk+PZUXpNcfEkOhGCTS2p2J8nSUExr1v7u3T4FixwplzliuWmG7QTPGJapAwItzHbi+d/9ckNQ==}
    cpu: [arm64]
    os: [win32]

  turbo@2.8.8:
    resolution: {integrity: sha512-wP+axjWAKzYfZ7bghuggVST9bX4j5cn3NPMU9NPQqtwaUKL9n9JOnWWBIc9gdrEma1aViYR73EoPjDEpVq+liQ==}
    hasBin: true

snapshots:

  turbo-darwin-64@2.8.8:
    optional: true

  turbo-darwin-arm64@2.8.8:
    optional: true

  turbo-linux-64@2.8.8:
    optional: true

  turbo-linux-arm64@2.8.8:
    optional: true

  turbo-windows-64@2.8.8:
    optional: true

  turbo-windows-arm64@2.8.8:
    optional: true

  turbo@2.8.8:
    optionalDependencies:
      turbo-darwin-64: 2.8.8
      turbo-darwin-arm64: 2.8.8
      turbo-linux-64: 2.8.8
      turbo-linux-arm64: 2.8.8
      turbo-windows-64: 2.8.8
      turbo-windows-arm64: 2.8.8
